# THIS IS AN AUTOGENERATED FILE. DO NOT EDIT THIS FILE DIRECTLY.
# yarn lockfile v1


"@babel/parser@^7.20.15", "@babel/parser@^7.21.3":
  "integrity" "sha512-vvPKKdMemU85V9WE/l5wZEmImpCtLqbnTvqDS2U1fJ96KrxoW7KrXhNsNCblQlg8Ck4b85yxdTyelsMUgFUXiw=="
  "resolved" "https://registry.npmjs.org/@babel/parser/-/parser-7.23.0.tgz"
  "version" "7.23.0"

"@esbuild/win32-x64@0.18.20":
  "integrity" "sha512-kTdfRcSiDfQca/y9QIkng02avJ+NCaQvrMejlsB3RRv5sE9rRoeBPISaZpKxHELzRxZyLvNts1P27W3wV+8geQ=="
  "resolved" "https://registry.npmjs.org/@esbuild/win32-x64/-/win32-x64-0.18.20.tgz"
  "version" "0.18.20"

"@jridgewell/sourcemap-codec@^1.4.15":
  "integrity" "sha512-eF2rxCRulEKXHTRiDrDy6erMYWqNw4LPdQ8UQA4huuxaQsVeRPFl2oM8oDGxMFhJUWZf9McpLtJasDDZb/Bpeg=="
  "resolved" "https://registry.npmjs.org/@jridgewell/sourcemap-codec/-/sourcemap-codec-1.4.15.tgz"
  "version" "1.4.15"

"@kurkle/color@^0.3.0":
  "integrity" "sha512-fuscdXJ9G1qb7W8VdHi+IwRqij3lBkosAm4ydQtEmbY58OzHXqQhvlxqEkoz0yssNVn38bcpRWgA9PP+OGoisw=="
  "resolved" "https://registry.npmjs.org/@kurkle/color/-/color-0.3.2.tgz"
  "version" "0.3.2"

"@meforma/vue-toaster@^1.3.0":
  "integrity" "sha512-jH0zOA/jTiT+UKHO9n5hjPTLkIfg7d66X4fnd7ssIbcXpZOoe+J8IY6Kf3nRW5iVD6/tkjeyp+tjVK8zk6zASg=="
  "resolved" "https://registry.npmjs.org/@meforma/vue-toaster/-/vue-toaster-1.3.0.tgz"
  "version" "1.3.0"
  dependencies:
    "stylus" "~0.54.8"
    "stylus-loader" "~3.0.2"

"@popperjs/core@^2.11.8":
  "integrity" "sha512-P1st0aksCrn9sGZhp8GMYwBnQsbvAWsZAX44oXNNvLHGqAOcoVxmjZiohstwQ7SqKnbR47akdNi+uleWD8+g6A=="
  "resolved" "https://registry.npmjs.org/@popperjs/core/-/core-2.11.8.tgz"
  "version" "2.11.8"

"@vitejs/plugin-vue@^4.2.3":
  "integrity" "sha512-xdguqb+VUwiRpSg+nsc2HtbAUSGak25DXYvpQQi4RVU1Xq1uworyoH/md9Rfd8zMmPR/pSghr309QNcftUVseg=="
  "resolved" "https://registry.npmjs.org/@vitejs/plugin-vue/-/plugin-vue-4.4.0.tgz"
  "version" "4.4.0"

"@vue/compiler-core@3.3.4":
  "integrity" "sha512-cquyDNvZ6jTbf/+x+AgM2Arrp6G4Dzbb0R64jiG804HRMfRiFXWI6kqUVqZ6ZR0bQhIoQjB4+2bhNtVwndW15g=="
  "resolved" "https://registry.npmjs.org/@vue/compiler-core/-/compiler-core-3.3.4.tgz"
  "version" "3.3.4"
  dependencies:
    "@babel/parser" "^7.21.3"
    "@vue/shared" "3.3.4"
    "estree-walker" "^2.0.2"
    "source-map-js" "^1.0.2"

"@vue/compiler-dom@3.3.4":
  "integrity" "sha512-wyM+OjOVpuUukIq6p5+nwHYtj9cFroz9cwkfmP9O1nzH68BenTTv0u7/ndggT8cIQlnBeOo6sUT/gvHcIkLA5w=="
  "resolved" "https://registry.npmjs.org/@vue/compiler-dom/-/compiler-dom-3.3.4.tgz"
  "version" "3.3.4"
  dependencies:
    "@vue/compiler-core" "3.3.4"
    "@vue/shared" "3.3.4"

"@vue/compiler-sfc@3.3.4":
  "integrity" "sha512-6y/d8uw+5TkCuzBkgLS0v3lSM3hJDntFEiUORM11pQ/hKvkhSKZrXW6i69UyXlJQisJxuUEJKAWEqWbWsLeNKQ=="
  "resolved" "https://registry.npmjs.org/@vue/compiler-sfc/-/compiler-sfc-3.3.4.tgz"
  "version" "3.3.4"
  dependencies:
    "@babel/parser" "^7.20.15"
    "@vue/compiler-core" "3.3.4"
    "@vue/compiler-dom" "3.3.4"
    "@vue/compiler-ssr" "3.3.4"
    "@vue/reactivity-transform" "3.3.4"
    "@vue/shared" "3.3.4"
    "estree-walker" "^2.0.2"
    "magic-string" "^0.30.0"
    "postcss" "^8.1.10"
    "source-map-js" "^1.0.2"

"@vue/compiler-ssr@3.3.4":
  "integrity" "sha512-m0v6oKpup2nMSehwA6Uuu+j+wEwcy7QmwMkVNVfrV9P2qE5KshC6RwOCq8fjGS/Eak/uNb8AaWekfiXxbBB6gQ=="
  "resolved" "https://registry.npmjs.org/@vue/compiler-ssr/-/compiler-ssr-3.3.4.tgz"
  "version" "3.3.4"
  dependencies:
    "@vue/compiler-dom" "3.3.4"
    "@vue/shared" "3.3.4"

"@vue/devtools-api@^6.5.0":
  "integrity" "sha512-o9KfBeaBmCKl10usN4crU53fYtC1r7jJwdGKjPT24t348rHxgfpZ0xL3Xm/gLUYnc0oTp8LAmrxOeLyu6tbk2Q=="
  "resolved" "https://registry.npmjs.org/@vue/devtools-api/-/devtools-api-6.5.0.tgz"
  "version" "6.5.0"

"@vue/reactivity-transform@3.3.4":
  "integrity" "sha512-MXgwjako4nu5WFLAjpBnCj/ieqcjE2aJBINUNQzkZQfzIZA4xn+0fV1tIYBJvvva3N3OvKGofRLvQIwEQPpaXw=="
  "resolved" "https://registry.npmjs.org/@vue/reactivity-transform/-/reactivity-transform-3.3.4.tgz"
  "version" "3.3.4"
  dependencies:
    "@babel/parser" "^7.20.15"
    "@vue/compiler-core" "3.3.4"
    "@vue/shared" "3.3.4"
    "estree-walker" "^2.0.2"
    "magic-string" "^0.30.0"

"@vue/reactivity@3.3.4":
  "integrity" "sha512-kLTDLwd0B1jG08NBF3R5rqULtv/f8x3rOFByTDz4J53ttIQEDmALqKqXY0J+XQeN0aV2FBxY8nJDf88yvOPAqQ=="
  "resolved" "https://registry.npmjs.org/@vue/reactivity/-/reactivity-3.3.4.tgz"
  "version" "3.3.4"
  dependencies:
    "@vue/shared" "3.3.4"

"@vue/runtime-core@3.3.4":
  "integrity" "sha512-R+bqxMN6pWO7zGI4OMlmvePOdP2c93GsHFM/siJI7O2nxFRzj55pLwkpCedEY+bTMgp5miZ8CxfIZo3S+gFqvA=="
  "resolved" "https://registry.npmjs.org/@vue/runtime-core/-/runtime-core-3.3.4.tgz"
  "version" "3.3.4"
  dependencies:
    "@vue/reactivity" "3.3.4"
    "@vue/shared" "3.3.4"

"@vue/runtime-dom@3.3.4":
  "integrity" "sha512-Aj5bTJ3u5sFsUckRghsNjVTtxZQ1OyMWCr5dZRAPijF/0Vy4xEoRCwLyHXcj4D0UFbJ4lbx3gPTgg06K/GnPnQ=="
  "resolved" "https://registry.npmjs.org/@vue/runtime-dom/-/runtime-dom-3.3.4.tgz"
  "version" "3.3.4"
  dependencies:
    "@vue/runtime-core" "3.3.4"
    "@vue/shared" "3.3.4"
    "csstype" "^3.1.1"

"@vue/server-renderer@3.3.4":
  "integrity" "sha512-Q6jDDzR23ViIb67v+vM1Dqntu+HUexQcsWKhhQa4ARVzxOY2HbC7QRW/ggkDBd5BU+uM1sV6XOAP0b216o34JQ=="
  "resolved" "https://registry.npmjs.org/@vue/server-renderer/-/server-renderer-3.3.4.tgz"
  "version" "3.3.4"
  dependencies:
    "@vue/compiler-ssr" "3.3.4"
    "@vue/shared" "3.3.4"

"@vue/shared@3.3.4":
  "integrity" "sha512-7OjdcV8vQ74eiz1TZLzZP4JwqM5fA94K6yntPS5Z25r9HDuGNzaGdgvwKYq6S+MxwF0TFRwe50fIR/MYnakdkQ=="
  "resolved" "https://registry.npmjs.org/@vue/shared/-/shared-3.3.4.tgz"
  "version" "3.3.4"

"@vueup/vue-quill@^1.2.0":
  "integrity" "sha512-kd5QPSHMDpycklojPXno2Kw2JSiKMYduKYQckTm1RJoVDA557MnyUXgcuuDpry4HY/Rny9nGNcK+m3AHk94wag=="
  "resolved" "https://registry.npmjs.org/@vueup/vue-quill/-/vue-quill-1.2.0.tgz"
  "version" "1.2.0"
  dependencies:
    "quill" "^1.3.7"
    "quill-delta" "^4.2.2"

"atob@^2.1.2":
  "integrity" "sha512-Wm6ukoaOGJi/73p/cl2GvLjTI5JM1k/O14isD73YML8StrH/7/lRFgmg8nICZgD3bZZvjwCGxtMOD3wWNAu8cg=="
  "resolved" "https://registry.npmjs.org/atob/-/atob-2.1.2.tgz"
  "version" "2.1.2"

"balanced-match@^1.0.0":
  "integrity" "sha512-3oSeUO0TMV67hN1AmbXsK4yaqU7tjiHlbxRDZOpH0KW9+CeX4bRAaX0Anxt0tx2MrpRpWwQaPwIlISEJhYU5Pw=="
  "resolved" "https://registry.npmjs.org/balanced-match/-/balanced-match-1.0.2.tgz"
  "version" "1.0.2"

"big.js@^5.2.2":
  "integrity" "sha512-vyL2OymJxmarO8gxMr0mhChsO9QGwhynfuu4+MHTAW6czfq9humCB7rKpUjDd9YUiDPU4mzpyupFSvOClAwbmQ=="
  "resolved" "https://registry.npmjs.org/big.js/-/big.js-5.2.2.tgz"
  "version" "5.2.2"

"bootstrap@^5.3.2":
  "integrity" "sha512-D32nmNWiQHo94BKHLmOrdjlL05q1c8oxbtBphQFb9Z5to6eGRDCm0QgeaZ4zFBHzfg2++rqa2JkqCcxDy0sH0g=="
  "resolved" "https://registry.npmjs.org/bootstrap/-/bootstrap-5.3.2.tgz"
  "version" "5.3.2"

"brace-expansion@^1.1.7":
  "integrity" "sha512-iCuPHDFgrHX7H2vEI/5xpz07zSHB00TpugqhmYtVmMO6518mCuRMoOYFldEBl0g187ufozdaHgWKcYFb61qGiA=="
  "resolved" "https://registry.npmjs.org/brace-expansion/-/brace-expansion-1.1.11.tgz"
  "version" "1.1.11"
  dependencies:
    "balanced-match" "^1.0.0"
    "concat-map" "0.0.1"

"call-bind@^1.0.2":
  "integrity" "sha512-7O+FbCihrB5WGbFYesctwmTKae6rOiIzmz1icreWJ+0aA7LJfuqhEso2T9ncpcFtzMQtzXf2QGGueWJGTYsqrA=="
  "resolved" "https://registry.npmjs.org/call-bind/-/call-bind-1.0.2.tgz"
  "version" "1.0.2"
  dependencies:
    "function-bind" "^1.1.1"
    "get-intrinsic" "^1.0.2"

"chart.js@^4.1.1", "chart.js@^4.4.0":
  "integrity" "sha512-vQEj6d+z0dcsKLlQvbKIMYFHd3t8W/7L2vfJIbYcfyPcRx92CsHqECpueN8qVGNlKyDcr5wBrYAYKnfu/9Q1hQ=="
  "resolved" "https://registry.npmjs.org/chart.js/-/chart.js-4.4.0.tgz"
  "version" "4.4.0"
  dependencies:
    "@kurkle/color" "^0.3.0"

"clone@^2.1.1":
  "integrity" "sha512-3Pe/CF1Nn94hyhIYpjtiLhdCoEoz0DqQ+988E9gmeEdQZlojxnOb74wctFyuwWQHzqyf9X7C7MG8juUpqBJT8w=="
  "resolved" "https://registry.npmjs.org/clone/-/clone-2.1.2.tgz"
  "version" "2.1.2"

"concat-map@0.0.1":
  "integrity" "sha512-/Srv4dswyQNBfohGpz9o6Yb3Gz3SrUDqBH5rTuhGR7ahtlbYKnVxw2bCFMRljaA7EXHaXZ8wsHdodFvbkhKmqg=="
  "resolved" "https://registry.npmjs.org/concat-map/-/concat-map-0.0.1.tgz"
  "version" "0.0.1"

"core-js@^3.9.0":
  "integrity" "sha512-HoZr92+ZjFEKar5HS6MC776gYslNOKHt75mEBKWKnPeFDpZ6nH5OeF3S6HFT1mUAUZKrzkez05VboaX8myjSuw=="
  "resolved" "https://registry.npmjs.org/core-js/-/core-js-3.33.0.tgz"
  "version" "3.33.0"

"css-parse@~2.0.0":
  "integrity" "sha512-UNIFik2RgSbiTwIW1IsFwXWn6vs+bYdq83LKTSOsx7NJR7WII9dxewkHLltfTLVppoUApHV0118a4RZRI9FLwA=="
  "resolved" "https://registry.npmjs.org/css-parse/-/css-parse-2.0.0.tgz"
  "version" "2.0.0"
  dependencies:
    "css" "^2.0.0"

"css@^2.0.0":
  "integrity" "sha512-oUnjmWpy0niI3x/mPL8dVEI1l7MnG3+HHyRPHf+YFSbK+svOhXpmSOcDURUh2aOCgl2grzrOPt1nHLuCVFULLw=="
  "resolved" "https://registry.npmjs.org/css/-/css-2.2.4.tgz"
  "version" "2.2.4"
  dependencies:
    "inherits" "^2.0.3"
    "source-map" "^0.6.1"
    "source-map-resolve" "^0.5.2"
    "urix" "^0.1.0"

"csstype@^3.1.1":
  "integrity" "sha512-I7K1Uu0MBPzaFKg4nI5Q7Vs2t+3gWWW648spaF+Rg7pI9ds18Ugn+lvg4SHczUdKlHI5LWBXyqfS8+DufyBsgQ=="
  "resolved" "https://registry.npmjs.org/csstype/-/csstype-3.1.2.tgz"
  "version" "3.1.2"

"debug@~3.1.0":
  "integrity" "sha512-OX8XqP7/1a9cqkxYw2yXss15f26NKWBpDXQd0/uK/KPqdQhxbPa994hnzjcE2VqQpDslf55723cKPUOGSmMY3g=="
  "resolved" "https://registry.npmjs.org/debug/-/debug-3.1.0.tgz"
  "version" "3.1.0"
  dependencies:
    "ms" "2.0.0"

"decode-uri-component@^0.2.0":
  "integrity" "sha512-FqUYQ+8o158GyGTrMFJms9qh3CqTKvAqgqsTnkLI8sKu0028orqBhxNMFkFen0zGyg6epACD32pjVk58ngIErQ=="
  "resolved" "https://registry.npmjs.org/decode-uri-component/-/decode-uri-component-0.2.2.tgz"
  "version" "0.2.2"

"deep-equal@^1.0.1":
  "integrity" "sha512-yd9c5AdiqVcR+JjcwUQb9DkhJc8ngNr0MahEBGvDiJw8puWab2yZlh+nkasOnZP+EGTAP6rRp2JzJhJZzvNF8g=="
  "resolved" "https://registry.npmjs.org/deep-equal/-/deep-equal-1.1.1.tgz"
  "version" "1.1.1"
  dependencies:
    "is-arguments" "^1.0.4"
    "is-date-object" "^1.0.1"
    "is-regex" "^1.0.4"
    "object-is" "^1.0.1"
    "object-keys" "^1.1.1"
    "regexp.prototype.flags" "^1.2.0"

"define-data-property@^1.0.1":
  "integrity" "sha512-UzGwzcjyv3OtAvolTj1GoyNYzfFR+iqbGjcnBEENZVCpM4/Ng1yhGNvS3lR/xDS74Tb2wGG9WzNSNIOS9UVb2g=="
  "resolved" "https://registry.npmjs.org/define-data-property/-/define-data-property-1.1.0.tgz"
  "version" "1.1.0"
  dependencies:
    "get-intrinsic" "^1.2.1"
    "gopd" "^1.0.1"
    "has-property-descriptors" "^1.0.0"

"define-properties@^1.1.3", "define-properties@^1.2.0":
  "integrity" "sha512-8QmQKqEASLd5nx0U1B1okLElbUuuttJ/AnYmRXbbbGDWh6uS208EjD4Xqq/I9wK7u0v6O08XhTWnt5XtEbR6Dg=="
  "resolved" "https://registry.npmjs.org/define-properties/-/define-properties-1.2.1.tgz"
  "version" "1.2.1"
  dependencies:
    "define-data-property" "^1.0.1"
    "has-property-descriptors" "^1.0.0"
    "object-keys" "^1.1.1"

"emojis-list@^3.0.0":
  "integrity" "sha512-/kyM18EfinwXZbno9FyUGeFh87KC8HRQBQGildHZbEuRyWFOmv1U10o9BBp8XVZDVNNuQKyIGIu5ZYAAXJ0V2Q=="
  "resolved" "https://registry.npmjs.org/emojis-list/-/emojis-list-3.0.0.tgz"
  "version" "3.0.0"

"esbuild@^0.18.10":
  "integrity" "sha512-ceqxoedUrcayh7Y7ZX6NdbbDzGROiyVBgC4PriJThBKSVPWnnFHZAkfI1lJT8QFkOwH4qOS2SJkS4wvpGl8BpA=="
  "resolved" "https://registry.npmjs.org/esbuild/-/esbuild-0.18.20.tgz"
  "version" "0.18.20"
  optionalDependencies:
    "@esbuild/android-arm" "0.18.20"
    "@esbuild/android-arm64" "0.18.20"
    "@esbuild/android-x64" "0.18.20"
    "@esbuild/darwin-arm64" "0.18.20"
    "@esbuild/darwin-x64" "0.18.20"
    "@esbuild/freebsd-arm64" "0.18.20"
    "@esbuild/freebsd-x64" "0.18.20"
    "@esbuild/linux-arm" "0.18.20"
    "@esbuild/linux-arm64" "0.18.20"
    "@esbuild/linux-ia32" "0.18.20"
    "@esbuild/linux-loong64" "0.18.20"
    "@esbuild/linux-mips64el" "0.18.20"
    "@esbuild/linux-ppc64" "0.18.20"
    "@esbuild/linux-riscv64" "0.18.20"
    "@esbuild/linux-s390x" "0.18.20"
    "@esbuild/linux-x64" "0.18.20"
    "@esbuild/netbsd-x64" "0.18.20"
    "@esbuild/openbsd-x64" "0.18.20"
    "@esbuild/sunos-x64" "0.18.20"
    "@esbuild/win32-arm64" "0.18.20"
    "@esbuild/win32-ia32" "0.18.20"
    "@esbuild/win32-x64" "0.18.20"

"estree-walker@^2.0.2":
  "integrity" "sha512-Rfkk/Mp/DL7JVje3u18FxFujQlTNR2q6QfMSMB7AvCBx91NGj/ba3kCfza0f6dVDbw7YlRf/nDrn7pQrCCyQ/w=="
  "resolved" "https://registry.npmjs.org/estree-walker/-/estree-walker-2.0.2.tgz"
  "version" "2.0.2"

"eventemitter3@^2.0.3":
  "integrity" "sha512-jLN68Dx5kyFHaePoXWPsCGW5qdyZQtLYHkxkg02/Mz6g0kYpDx4FyP6XfArhQdlOC4b8Mv+EMxPo/8La7Tzghg=="
  "resolved" "https://registry.npmjs.org/eventemitter3/-/eventemitter3-2.0.3.tgz"
  "version" "2.0.3"

"extend@^3.0.2":
  "integrity" "sha512-fjquC59cD7CyW6urNXK0FBufkZcoiGG80wTuPujX590cB5Ttln20E2UB4S/WARVqhXffZl2LNgS+gQdPIIim/g=="
  "resolved" "https://registry.npmjs.org/extend/-/extend-3.0.2.tgz"
  "version" "3.0.2"

"fast-diff@1.1.2":
  "integrity" "sha512-KaJUt+M9t1qaIteSvjc6P3RbMdXsNhK61GRftR6SNxqmhthcd9MGIi4T+o0jD8LUSpSnSKXE20nLtJ3fOHxQig=="
  "resolved" "https://registry.npmjs.org/fast-diff/-/fast-diff-1.1.2.tgz"
  "version" "1.1.2"

"fast-diff@1.2.0":
  "integrity" "sha512-xJuoT5+L99XlZ8twedaRf6Ax2TgQVxvgZOYoPKqZufmJib0tL2tegPBOZb1pVNgIhlqDlA0eO0c3wBvQcmzx4w=="
  "resolved" "https://registry.npmjs.org/fast-diff/-/fast-diff-1.2.0.tgz"
  "version" "1.2.0"

"fs.realpath@^1.0.0":
  "integrity" "sha512-OO0pH2lK6a0hZnAdau5ItzHPI6pUlvI7jMVnxUQRtw4owF2wk8lOSabtGDCTP4Ggrg2MbGnWO9X8K1t4+fGMDw=="
  "resolved" "https://registry.npmjs.org/fs.realpath/-/fs.realpath-1.0.0.tgz"
  "version" "1.0.0"

"function-bind@^1.1.1":
  "integrity" "sha512-yIovAzMX49sF8Yl58fSCWJ5svSLuaibPxXQJFLmBObTuCr0Mf1KiPopGM9NiFjiYBCbfaa2Fh6breQ6ANVTI0A=="
  "resolved" "https://registry.npmjs.org/function-bind/-/function-bind-1.1.1.tgz"
  "version" "1.1.1"

"functions-have-names@^1.2.3":
  "integrity" "sha512-xckBUXyTIqT97tq2x2AMb+g163b5JFysYk0x4qxNFwbfQkmNZoiRHb6sPzI9/QV33WeuvVYBUIiD4NzNIyqaRQ=="
  "resolved" "https://registry.npmjs.org/functions-have-names/-/functions-have-names-1.2.3.tgz"
  "version" "1.2.3"

"get-intrinsic@^1.0.2", "get-intrinsic@^1.1.1", "get-intrinsic@^1.1.3", "get-intrinsic@^1.2.1":
  "integrity" "sha512-2DcsyfABl+gVHEfCOaTrWgyt+tb6MSEGmKq+kI5HwLbIYgjgmMcV8KQ41uaKz1xxUcn9tJtgFbQUEVcEbd0FYw=="
  "resolved" "https://registry.npmjs.org/get-intrinsic/-/get-intrinsic-1.2.1.tgz"
  "version" "1.2.1"
  dependencies:
    "function-bind" "^1.1.1"
    "has" "^1.0.3"
    "has-proto" "^1.0.1"
    "has-symbols" "^1.0.3"

"glob@^7.1.6":
  "integrity" "sha512-nFR0zLpU2YCaRxwoCJvL6UvCH2JFyFVIvwTLsIf21AuHlMskA1hhTdk+LlYJtOlYt9v6dvszD2BGRqBL+iQK9Q=="
  "resolved" "https://registry.npmjs.org/glob/-/glob-7.2.3.tgz"
  "version" "7.2.3"
  dependencies:
    "fs.realpath" "^1.0.0"
    "inflight" "^1.0.4"
    "inherits" "2"
    "minimatch" "^3.1.1"
    "once" "^1.3.0"
    "path-is-absolute" "^1.0.0"

"gopd@^1.0.1":
  "integrity" "sha512-d65bNlIadxvpb/A2abVdlqKqV563juRnZ1Wtk6s1sIR8uNsXR70xqIzVqxVf1eTqDunwT2MkczEeaezCKTZhwA=="
  "resolved" "https://registry.npmjs.org/gopd/-/gopd-1.0.1.tgz"
  "version" "1.0.1"
  dependencies:
    "get-intrinsic" "^1.1.3"

"has-property-descriptors@^1.0.0":
  "integrity" "sha512-62DVLZGoiEBDHQyqG4w9xCuZ7eJEwNmJRWw2VY84Oedb7WFcA27fiEVe8oUQx9hAUJ4ekurquucTGwsyO1XGdQ=="
  "resolved" "https://registry.npmjs.org/has-property-descriptors/-/has-property-descriptors-1.0.0.tgz"
  "version" "1.0.0"
  dependencies:
    "get-intrinsic" "^1.1.1"

"has-proto@^1.0.1":
  "integrity" "sha512-7qE+iP+O+bgF9clE5+UoBFzE65mlBiVj3tKCrlNQ0Ogwm0BjpT/gK4SlLYDMybDh5I3TCTKnPPa0oMG7JDYrhg=="
  "resolved" "https://registry.npmjs.org/has-proto/-/has-proto-1.0.1.tgz"
  "version" "1.0.1"

"has-symbols@^1.0.2", "has-symbols@^1.0.3":
  "integrity" "sha512-l3LCuF6MgDNwTDKkdYGEihYjt5pRPbEg46rtlmnSPlUbgmB8LOIrKJbYYFBSbnPaJexMKtiPO8hmeRjRz2Td+A=="
  "resolved" "https://registry.npmjs.org/has-symbols/-/has-symbols-1.0.3.tgz"
  "version" "1.0.3"

"has-tostringtag@^1.0.0":
  "integrity" "sha512-kFjcSNhnlGV1kyoGk7OXKSawH5JOb/LzUc5w9B02hOTO0dfFRjbHQKvg1d6cf3HbeUmtU9VbbV3qzZ2Teh97WQ=="
  "resolved" "https://registry.npmjs.org/has-tostringtag/-/has-tostringtag-1.0.0.tgz"
  "version" "1.0.0"
  dependencies:
    "has-symbols" "^1.0.2"

"has@^1.0.3":
  "integrity" "sha512-qdSAmqLF6209RFj4VVItywPMbm3vWylknmB3nvNiUIs72xAimcM8nVYxYr7ncvZq5qzk9MKIZR8ijqD/1QuYjQ=="
  "resolved" "https://registry.npmjs.org/has/-/has-1.0.4.tgz"
  "version" "1.0.4"

"inflight@^1.0.4":
  "integrity" "sha512-k92I/b08q4wvFscXCLvqfsHCrjrF7yiXsQuIVvVE7N82W3+aqpzuUdBbfhWcy/FZR3/4IgflMgKLOsvPDrGCJA=="
  "resolved" "https://registry.npmjs.org/inflight/-/inflight-1.0.6.tgz"
  "version" "1.0.6"
  dependencies:
    "once" "^1.3.0"
    "wrappy" "1"

"inherits@^2.0.3", "inherits@2":
  "integrity" "sha512-k/vGaX4/Yla3WzyMCvTQOXYeIHvqOKtnqBduzTHpzpQZzAskKMhZ2K+EnBiSM9zGSoIFeMpXKxa4dYeZIQqewQ=="
  "resolved" "https://registry.npmjs.org/inherits/-/inherits-2.0.4.tgz"
  "version" "2.0.4"

"is-arguments@^1.0.4":
  "integrity" "sha512-8Q7EARjzEnKpt/PCD7e1cgUS0a6X8u5tdSiMqXhojOdoV9TsMsiO+9VLC5vAmO8N7/GmXn7yjR8qnA6bVAEzfA=="
  "resolved" "https://registry.npmjs.org/is-arguments/-/is-arguments-1.1.1.tgz"
  "version" "1.1.1"
  dependencies:
    "call-bind" "^1.0.2"
    "has-tostringtag" "^1.0.0"

"is-date-object@^1.0.1":
  "integrity" "sha512-9YQaSxsAiSwcvS33MBk3wTCVnWK+HhF8VZR2jRxehM16QcVOdHqPn4VPHmRK4lSr38n9JriurInLcP90xsYNfQ=="
  "resolved" "https://registry.npmjs.org/is-date-object/-/is-date-object-1.0.5.tgz"
  "version" "1.0.5"
  dependencies:
    "has-tostringtag" "^1.0.0"

"is-regex@^1.0.4":
  "integrity" "sha512-kvRdxDsxZjhzUX07ZnLydzS1TU/TJlTUHHY4YLL87e37oUA49DfkLqgy+VjFocowy29cKvcSiu+kIv728jTTVg=="
  "resolved" "https://registry.npmjs.org/is-regex/-/is-regex-1.1.4.tgz"
  "version" "1.1.4"
  dependencies:
    "call-bind" "^1.0.2"
    "has-tostringtag" "^1.0.0"

"json5@^1.0.1":
  "integrity" "sha512-g1MWMLBiz8FKi1e4w0UyVL3w+iJceWAFBAaBnnGKOpNa5f8TLktkbre1+s6oICydWAm+HRUGTmI+//xv2hvXYA=="
  "resolved" "https://registry.npmjs.org/json5/-/json5-1.0.2.tgz"
  "version" "1.0.2"
  dependencies:
    "minimist" "^1.2.0"

"loader-utils@^1.0.2":
  "integrity" "sha512-I5d00Pd/jwMD2QCduo657+YM/6L3KZu++pmX9VFncxaxvHcru9jx1lBaFft+r4Mt2jK0Yhp41XlRAihzPxHNCg=="
  "resolved" "https://registry.npmjs.org/loader-utils/-/loader-utils-1.4.2.tgz"
  "version" "1.4.2"
  dependencies:
    "big.js" "^5.2.2"
    "emojis-list" "^3.0.0"
    "json5" "^1.0.1"

"lodash-es@^4.17.21":
  "integrity" "sha512-mKnC+QJ9pWVzv+C4/U3rRsHapFfHvQFoFB92e52xeyGMcX6/OlIl78je1u8vePzYZSkkogMPJ2yjxxsb89cxyw=="
  "resolved" "https://registry.npmjs.org/lodash-es/-/lodash-es-4.17.21.tgz"
  "version" "4.17.21"

"lodash.clonedeep@^4.5.0":
  "integrity" "sha512-H5ZhCF25riFd9uB5UCkVKo61m3S/xZk1x4wA6yp/L3RFP6Z/eHH1ymQcGLo7J3GMPfm0V/7m1tryHuGVxpqEBQ=="
  "resolved" "https://registry.npmjs.org/lodash.clonedeep/-/lodash.clonedeep-4.5.0.tgz"
  "version" "4.5.0"

"lodash.isequal@^4.5.0":
  "integrity" "sha512-pDo3lu8Jhfjqls6GkMgpahsF9kCyayhgykjyLMNFTKWrpVdAQtYyB4muAMWozBB4ig/dtWAmsMxLEI8wuz+DYQ=="
  "resolved" "https://registry.npmjs.org/lodash.isequal/-/lodash.isequal-4.5.0.tgz"
  "version" "4.5.0"

"lottie-web@5.12.2":
  "integrity" "sha512-uvhvYPC8kGPjXT3MyKMrL3JitEAmDMp30lVkuq/590Mw9ok6pWcFCwXJveo0t5uqYw1UREQHofD+jVpdjBv8wg=="
  "resolved" "https://registry.npmjs.org/lottie-web/-/lottie-web-5.12.2.tgz"
  "version" "5.12.2"

"magic-string@^0.30.0":
  "integrity" "sha512-Q/TKtsC5BPm0kGqgBIF9oXAs/xEf2vRKiIB4wCRQTJOQIByZ1d+NnUOotvJOvNpi5RNIgVOMC3pOuaP1ZTDlVg=="
  "resolved" "https://registry.npmjs.org/magic-string/-/magic-string-0.30.4.tgz"
  "version" "0.30.4"
  dependencies:
    "@jridgewell/sourcemap-codec" "^1.4.15"

"minimatch@^3.1.1":
  "integrity" "sha512-J7p63hRiAjw1NDEww1W7i37+ByIrOWO5XQQAzZ3VOcL0PNybwpfmV/N05zFAzwQ9USyEcX6t3UO+K5aqBQOIHw=="
  "resolved" "https://registry.npmjs.org/minimatch/-/minimatch-3.1.2.tgz"
  "version" "3.1.2"
  dependencies:
    "brace-expansion" "^1.1.7"

"minimist@^1.2.0":
  "integrity" "sha512-2yyAR8qBkN3YuheJanUpWC5U3bb5osDywNB8RzDVlDwDHbocAJveqqj1u8+SVD7jkWT4yvsHCpWqqWqAxb0zCA=="
  "resolved" "https://registry.npmjs.org/minimist/-/minimist-1.2.8.tgz"
  "version" "1.2.8"

"mkdirp@~1.0.4":
  "integrity" "sha512-vVqVZQyf3WLx2Shd0qJ9xuvqgAyKPLAiqITEtqW0oIUjzo3PePDd6fW9iFz30ef7Ysp/oiWqbhszeGWW2T6Gzw=="
  "resolved" "https://registry.npmjs.org/mkdirp/-/mkdirp-1.0.4.tgz"
  "version" "1.0.4"

"ms@2.0.0":
  "integrity" "sha512-Tpp60P6IUJDTuOq/5Z8cdskzJujfwqfOTkrwIwj7IRISpnkJnT6SyJ4PCPnGMoFjC9ddhal5KVIYtAt97ix05A=="
  "resolved" "https://registry.npmjs.org/ms/-/ms-2.0.0.tgz"
  "version" "2.0.0"

"nanoid@^3.3.6":
  "integrity" "sha512-BGcqMMJuToF7i1rt+2PWSNVnWIkGCU78jBG3RxO/bZlnZPK2Cmi2QaffxGO/2RvWi9sL+FAiRiXMgsyxQ1DIDA=="
  "resolved" "https://registry.npmjs.org/nanoid/-/nanoid-3.3.6.tgz"
  "version" "3.3.6"

"object-is@^1.0.1":
  "integrity" "sha512-3cyDsyHgtmi7I7DfSSI2LDp6SK2lwvtbg0p0R1e0RvTqF5ceGx+K2dfSjm1bKDMVCFEDAQvy+o8c6a7VujOddw=="
  "resolved" "https://registry.npmjs.org/object-is/-/object-is-1.1.5.tgz"
  "version" "1.1.5"
  dependencies:
    "call-bind" "^1.0.2"
    "define-properties" "^1.1.3"

"object-keys@^1.1.1":
  "integrity" "sha512-NuAESUOUMrlIXOfHKzD6bpPu3tYt3xvjNdRIQ+FeT0lNb4K8WR70CaDxhuNguS2XG+GjkyMwOzsN5ZktImfhLA=="
  "resolved" "https://registry.npmjs.org/object-keys/-/object-keys-1.1.1.tgz"
  "version" "1.1.1"

"once@^1.3.0":
  "integrity" "sha512-lNaJgI+2Q5URQBkccEKHTQOPaXdUxnZZElQTZY0MFUAuaEqe1E+Nyvgdz/aIyNi6Z9MzO5dv1H8n58/GELp3+w=="
  "resolved" "https://registry.npmjs.org/once/-/once-1.4.0.tgz"
  "version" "1.4.0"
  dependencies:
    "wrappy" "1"

"parchment@^1.1.4":
  "integrity" "sha512-J5FBQt/pM2inLzg4hEWmzQx/8h8D0CiDxaG3vyp9rKrQRSDgBlhjdP5jQGgosEajXPSQouXGHOmVdgo7QmJuOg=="
  "resolved" "https://registry.npmjs.org/parchment/-/parchment-1.1.4.tgz"
  "version" "1.1.4"

"path-is-absolute@^1.0.0":
  "integrity" "sha512-AVbw3UJ2e9bq64vSaS9Am0fje1Pa8pbGqTTsmXfaIiMpnr5DlDhfJOuLj9Sf95ZPVDAUerDfEk88MPmPe7UCQg=="
  "resolved" "https://registry.npmjs.org/path-is-absolute/-/path-is-absolute-1.0.1.tgz"
  "version" "1.0.1"

"picocolors@^1.0.0":
  "integrity" "sha512-1fygroTLlHu66zi26VoTDv8yRgm0Fccecssto+MhsZ0D/DGW2sm8E8AjW7NU5VVTRt5GxbeZ5qBuJr+HyLYkjQ=="
  "resolved" "https://registry.npmjs.org/picocolors/-/picocolors-1.0.0.tgz"
  "version" "1.0.0"

"postcss@^8.1.10", "postcss@^8.4.27":
  "integrity" "sha512-PS08Iboia9mts/2ygV3eLpY5ghnUcfLV/EXTOW1E2qYxJKGGBUtNjN76FYHnMs36RmARn41bC0AZmn+rR0OVpQ=="
  "resolved" "https://registry.npmjs.org/postcss/-/postcss-8.4.31.tgz"
  "version" "8.4.31"
  dependencies:
    "nanoid" "^3.3.6"
    "picocolors" "^1.0.0"
    "source-map-js" "^1.0.2"

"quill-delta@^3.6.2":
  "integrity" "sha512-wdIGBlcX13tCHOXGMVnnTVFtGRLoP0imqxM696fIPwIf5ODIYUHIvHbZcyvGlZFiFhK5XzDC2lpjbxRhnM05Tg=="
  "resolved" "https://registry.npmjs.org/quill-delta/-/quill-delta-3.6.3.tgz"
  "version" "3.6.3"
  dependencies:
    "deep-equal" "^1.0.1"
    "extend" "^3.0.2"
    "fast-diff" "1.1.2"

"quill-delta@^4.2.2":
  "integrity" "sha512-qjbn82b/yJzOjstBgkhtBjN2TNK+ZHP/BgUQO+j6bRhWQQdmj2lH6hXG7+nwwLF41Xgn//7/83lxs9n2BkTtTg=="
  "resolved" "https://registry.npmjs.org/quill-delta/-/quill-delta-4.2.2.tgz"
  "version" "4.2.2"
  dependencies:
    "fast-diff" "1.2.0"
    "lodash.clonedeep" "^4.5.0"
    "lodash.isequal" "^4.5.0"

"quill@^1.3.7":
  "integrity" "sha512-hG/DVzh/TiknWtE6QmWAF/pxoZKYxfe3J/d/+ShUWkDvvkZQVTPeVmUJVu1uE6DDooC4fWTiCLh84ul89oNz5g=="
  "resolved" "https://registry.npmjs.org/quill/-/quill-1.3.7.tgz"
  "version" "1.3.7"
  dependencies:
    "clone" "^2.1.1"
    "deep-equal" "^1.0.1"
    "eventemitter3" "^2.0.3"
    "extend" "^3.0.2"
    "parchment" "^1.1.4"
    "quill-delta" "^3.6.2"

"regexp.prototype.flags@^1.2.0":
  "integrity" "sha512-sy6TXMN+hnP/wMy+ISxg3krXx7BAtWVO4UouuCN/ziM9UEne0euamVNafDfvC83bRNr95y0V5iijeDQFUNpvrg=="
  "resolved" "https://registry.npmjs.org/regexp.prototype.flags/-/regexp.prototype.flags-1.5.1.tgz"
  "version" "1.5.1"
  dependencies:
    "call-bind" "^1.0.2"
    "define-properties" "^1.2.0"
    "set-function-name" "^2.0.0"

"resolve-url@^0.2.1":
  "integrity" "sha512-ZuF55hVUQaaczgOIwqWzkEcEidmlD/xl44x1UZnhOXcYuFN2S6+rcxpG+C1N3So0wvNI3DmJICUFfu2SxhBmvg=="
  "resolved" "https://registry.npmjs.org/resolve-url/-/resolve-url-0.2.1.tgz"
  "version" "0.2.1"

"rollup@^3.27.1":
  "integrity" "sha512-oWzmBZwvYrU0iJHtDmhsm662rC15FRXmcjCk1xD771dFDx5jJ02ufAQQTn0etB2emNk4J9EZg/yWKpsn9BWGRw=="
  "resolved" "https://registry.npmjs.org/rollup/-/rollup-3.29.4.tgz"
  "version" "3.29.4"
  optionalDependencies:
    "fsevents" "~2.3.2"

"safer-buffer@^2.1.2":
  "integrity" "sha512-YZo3K82SD7Riyi0E1EQPojLz7kpepnSQI9IyPbHHg1XXXevb5dJI7tpyN2ADxGcQbHG7vcyRHk0cbwqcQriUtg=="
  "resolved" "https://registry.npmjs.org/safer-buffer/-/safer-buffer-2.1.2.tgz"
  "version" "2.1.2"

"sax@~1.2.4":
  "integrity" "sha512-NqVDv9TpANUjFm0N8uM5GxL36UgKi9/atZw+x7YFnQ8ckwFGKrl4xX4yWtrey3UJm5nP1kUbnYgLopqWNSRhWw=="
  "resolved" "https://registry.npmjs.org/sax/-/sax-1.2.4.tgz"
  "version" "1.2.4"

"semver@^6.3.0":
  "integrity" "sha512-BR7VvDCVHO+q2xBEWskxS6DJE1qRnb7DxzUrogb71CWoSficBxYsiAGd+Kl0mmq/MprG9yArRkyrQxTO6XjMzA=="
  "resolved" "https://registry.npmjs.org/semver/-/semver-6.3.1.tgz"
  "version" "6.3.1"

"set-function-name@^2.0.0":
  "integrity" "sha512-tMNCiqYVkXIZgc2Hnoy2IvC/f8ezc5koaRFkCjrpWzGpCd3qbZXPzVy9MAZzK1ch/X0jvSkojys3oqJN0qCmdA=="
  "resolved" "https://registry.npmjs.org/set-function-name/-/set-function-name-2.0.1.tgz"
  "version" "2.0.1"
  dependencies:
    "define-data-property" "^1.0.1"
    "functions-have-names" "^1.2.3"
    "has-property-descriptors" "^1.0.0"

"source-map-js@^1.0.2":
  "integrity" "sha512-R0XvVJ9WusLiqTCEiGCmICCMplcCkIwwR11mOSD9CR5u+IXYdiseeEuXCVAjS54zqwkLcPNnmU4OeJ6tUrWhDw=="
  "resolved" "https://registry.npmjs.org/source-map-js/-/source-map-js-1.0.2.tgz"
  "version" "1.0.2"

"source-map-resolve@^0.5.2":
  "integrity" "sha512-Htz+RnsXWk5+P2slx5Jh3Q66vhQj1Cllm0zvnaY98+NFx+Dv2CF/f5O/t8x+KaNdrdIAsruNzoh/KpialbqAnw=="
  "resolved" "https://registry.npmjs.org/source-map-resolve/-/source-map-resolve-0.5.3.tgz"
  "version" "0.5.3"
  dependencies:
    "atob" "^2.1.2"
    "decode-uri-component" "^0.2.0"
    "resolve-url" "^0.2.1"
    "source-map-url" "^0.4.0"
    "urix" "^0.1.0"

"source-map-url@^0.4.0":
  "integrity" "sha512-cPiFOTLUKvJFIg4SKVScy4ilPPW6rFgMgfuZJPNoDuMs3nC1HbMUycBoJw77xFIp6z1UJQJOfx6C9GMH80DiTw=="
  "resolved" "https://registry.npmjs.org/source-map-url/-/source-map-url-0.4.1.tgz"
  "version" "0.4.1"

"source-map@^0.6.1":
  "integrity" "sha512-UjgapumWlbMhkBgzT7Ykc5YXUT46F0iKu8SGXq0bcwP5dz/h0Plj6enJqjz1Zbq2l5WaqYnrVbwWOWMyF3F47g=="
  "resolved" "https://registry.npmjs.org/source-map/-/source-map-0.6.1.tgz"
  "version" "0.6.1"

"source-map@^0.7.3":
  "integrity" "sha512-l3BikUxvPOcn5E74dZiq5BGsTb5yEwhaTSzccU6t4sDOH8NWJCstKO5QT2CvtFoK6F0saL7p9xHAqHOlCPJygA=="
  "resolved" "https://registry.npmjs.org/source-map/-/source-map-0.7.4.tgz"
  "version" "0.7.4"

"stylus-loader@~3.0.2":
  "integrity" "sha512-+VomPdZ6a0razP+zinir61yZgpw2NfljeSsdUF5kJuEzlo3khXhY19Fn6l8QQz1GRJGtMCo8nG5C04ePyV7SUA=="
  "resolved" "https://registry.npmjs.org/stylus-loader/-/stylus-loader-3.0.2.tgz"
  "version" "3.0.2"
  dependencies:
    "loader-utils" "^1.0.2"
    "lodash.clonedeep" "^4.5.0"
    "when" "~3.6.x"

"stylus@*", "stylus@>=0.52.4", "stylus@~0.54.8":
  "integrity" "sha512-vr54Or4BZ7pJafo2mpf0ZcwA74rpuYCZbxrHBsH8kbcXOwSfvBFwsRfpGO5OD5fhG5HDCFW737PKaawI7OqEAg=="
  "resolved" "https://registry.npmjs.org/stylus/-/stylus-0.54.8.tgz"
  "version" "0.54.8"
  dependencies:
    "css-parse" "~2.0.0"
    "debug" "~3.1.0"
    "glob" "^7.1.6"
    "mkdirp" "~1.0.4"
    "safer-buffer" "^2.1.2"
    "sax" "~1.2.4"
    "semver" "^6.3.0"
    "source-map" "^0.7.3"

"urix@^0.1.0":
  "integrity" "sha512-Am1ousAhSLBeB9cG/7k7r2R0zj50uDRlZHPGbazid5s9rlF1F/QKYObEKSIunSjIOkJZqwRRLpvewjEkM7pSqg=="
  "resolved" "https://registry.npmjs.org/urix/-/urix-0.1.0.tgz"
  "version" "0.1.0"

"vite@^4.0.0", "vite@^4.4.5":
  "integrity" "sha512-TzIjiqx9BEXF8yzYdF2NTf1kFFbjMjUSV0LFZ3HyHoI3SGSPLnnFUKiIQtL3gl2AjHvMrprOvQ3amzaHgQlAxw=="
  "resolved" "https://registry.npmjs.org/vite/-/vite-4.4.10.tgz"
  "version" "4.4.10"
  dependencies:
    "esbuild" "^0.18.10"
    "postcss" "^8.4.27"
    "rollup" "^3.27.1"
  optionalDependencies:
    "fsevents" "~2.3.2"

"vue-chartjs@^5.2.0":
  "integrity" "sha512-d3zpKmGZr2OWHQ1xmxBcAn5ShTG917+/UCLaSpaCDDqT0U7DBsvFzTs69ZnHCgKoXT55GZDW8YEj9Av+dlONLA=="
  "resolved" "https://registry.npmjs.org/vue-chartjs/-/vue-chartjs-5.2.0.tgz"
  "version" "5.2.0"

"vue-content-loader@^2.0.1":
  "integrity" "sha512-pkof4+q2xmzNEdhqelxtJejeP/vQUJtLle4/v2ueG+HURqM9Q/GIGC8GJ2bVVWeLfTDET51jqimwQdmxJTlu0g=="
  "resolved" "https://registry.npmjs.org/vue-content-loader/-/vue-content-loader-2.0.1.tgz"
  "version" "2.0.1"

"vue-router@^4.2.4":
  "integrity" "sha512-DIUpKcyg4+PTQKfFPX88UWhlagBEBEfJ5A8XDXRJLUnZOvcpMF8o/dnL90vpVkGaPbjvXazV/rC1qBKrZlFugw=="
  "resolved" "https://registry.npmjs.org/vue-router/-/vue-router-4.2.5.tgz"
  "version" "4.2.5"
  dependencies:
    "@vue/devtools-api" "^6.5.0"

"vue@^3", "vue@^3.0.0-0 || ^2.7.0", "vue@^3.0.5", "vue@^3.2", "vue@^3.2.0", "vue@^3.2.25", "vue@^3.2.41", "vue@^3.2.45", "vue@^3.3.4", "vue@3.3.4":
  "integrity" "sha512-VTyEYn3yvIeY1Py0WaYGZsXnz3y5UnGi62GjVEqvEGPl6nxbOrCXbVOTQWBEJUqAyTUk2uJ5JLVnYJ6ZzGbrSw=="
  "resolved" "https://registry.npmjs.org/vue/-/vue-3.3.4.tgz"
  "version" "3.3.4"
  dependencies:
    "@vue/compiler-dom" "3.3.4"
    "@vue/compiler-sfc" "3.3.4"
    "@vue/runtime-dom" "3.3.4"
    "@vue/server-renderer" "3.3.4"
    "@vue/shared" "3.3.4"

"vue3-circle-progress@^1.0.7":
  "integrity" "sha512-Z916xKQhuEcaOvwIfCFUX9r/gPUNd40G2aJbROcRtotm5FE4dZPP4S4iDEISexE9XMF813swkdc5VzCdFxfE8g=="
  "resolved" "https://registry.npmjs.org/vue3-circle-progress/-/vue3-circle-progress-1.0.7.tgz"
  "version" "1.0.7"

"vue3-easy-data-table@^1.5.47":
  "integrity" "sha512-q0bZBlWIwQ3FIhB+F98ylFPfBJWiS3Xv7QqBe3xS5MbRNZP96RFjaQn7C0Pi0J/aaucNW8gFWxPyh9NESS1ehw=="
  "resolved" "https://registry.npmjs.org/vue3-easy-data-table/-/vue3-easy-data-table-1.5.47.tgz"
  "version" "1.5.47"
  dependencies:
    "vue" "^3.2.45"

"vue3-lottie@^3.1.0":
  "integrity" "sha512-dS6/cjEuAoN/CWYqthPjGVVaeW5jRVB1yGEcFQbBcbDfCeMlVhC7pzn0Qatdz7gasOUIvZcJCmhfUe681GwhSg=="
  "resolved" "https://registry.npmjs.org/vue3-lottie/-/vue3-lottie-3.1.0.tgz"
  "version" "3.1.0"
  dependencies:
    "lodash-es" "^4.17.21"
    "lottie-web" "5.12.2"

"when@~3.6.x":
  "integrity" "sha512-d1VUP9F96w664lKINMGeElWdhhb5sC+thXM+ydZGU3ZnaE09Wv6FaS+mpM9570kcDs/xMfcXJBTLsMdHEFYY9Q=="
  "resolved" "https://registry.npmjs.org/when/-/when-3.6.4.tgz"
  "version" "3.6.4"

"wrappy@1":
  "integrity" "sha512-l4Sp/DRseor9wL6EvV2+TuQn63dMkPjZ/sp9XkghTEbV9KlPS1xUsZ3u7/IQO4wxtcFB4bgpQPRcR3QCvezPcQ=="
  "resolved" "https://registry.npmjs.org/wrappy/-/wrappy-1.0.2.tgz"
  "version" "1.0.2"
